
Microsoft Visual Studio Solution File, Format Version 12.00
# Visual Studio Version 17
VisualStudioVersion = 17.0.31912.275
MinimumVisualStudioVersion = 10.0.40219.1
Project("{9A19103F-16F7-4668-BE54-9A1E7A4F7556}") = "AWSServerless1", "AWSServerless1\AWSServerless1.csproj", "{28DB2853-E82A-4E8E-8592-7D221723A3C5}"
EndProject
Project("{9A19103F-16F7-4668-BE54-9A1E7A4F7556}") = "AWSServerless-MVC", "AWSServerless-MVC\AWSServerless-MVC.csproj", "{9DC484FB-0DEC-4EA0-98C7-FACD9B5B7F09}"
EndProject
Global
	GlobalSection(SolutionConfigurationPlatforms) = preSolution
		Debug|Any CPU = Debug|Any CPU
		Release|Any CPU = Release|Any CPU
	EndGlobalSection
	GlobalSection(ProjectConfigurationPlatforms) = postSolution
		{28DB2853-E82A-4E8E-8592-7D221723A3C5}.Debug|Any CPU.ActiveCfg = Debug|Any CPU
		{28DB2853-E82A-4E8E-8592-7D221723A3C5}.Debug|Any CPU.Build.0 = Debug|Any CPU
		{28DB2853-E82A-4E8E-8592-7D221723A3C5}.Release|Any CPU.ActiveCfg = Release|Any CPU
		{28DB2853-E82A-4E8E-8592-7D221723A3C5}.Release|Any CPU.Build.0 = Release|Any CPU
		{9DC484FB-0DEC-4EA0-98C7-FACD9B5B7F09}.Debug|Any CPU.ActiveCfg = Debug|Any CPU
		{9DC484FB-0DEC-4EA0-98C7-FACD9B5B7F09}.Debug|Any CPU.Build.0 = Debug|Any CPU
		{9DC484FB-0DEC-4EA0-98C7-FACD9B5B7F09}.Release|Any CPU.ActiveCfg = Release|Any CPU
		{9DC484FB-0DEC-4EA0-98C7-FACD9B5B7F09}.Release|Any CPU.Build.0 = Release|Any CPU
	EndGlobalSection
	GlobalSection(SolutionProperties) = preSolution
		HideSolutionNode = FALSE
	EndGlobalSection
	GlobalSection(ExtensibilityGlobals) = postSolution
		SolutionGuid = {CCF51E6E-1AE1-4553-8551-D322717515AE}
	EndGlobalSection
EndGlobal
